
Microsoft Visual Studio Solution File, Format Version 12.00
# Visual Studio Version 16
VisualStudioVersion = 16.0.31402.337
MinimumVisualStudioVersion = 10.0.40219.1
Project("{8BC9CEB8-8B4A-11D0-8D11-00A0C91BC942}") = "Memory Match Game Final", "Memory Match Game Final\Memory Match Game Final.vcxproj", "{363ADD41-BB8C-4A3C-BE8B-FD9A7C5D94F5}"
EndProject
Global
	GlobalSection(SolutionConfigurationPlatforms) = preSolution
		Debug|x64 = Debug|x64
		Debug|x86 = Debug|x86
		Release|x64 = Release|x64
		Release|x86 = Release|x86
	EndGlobalSection
	GlobalSection(ProjectConfigurationPlatforms) = postSolution
		{363ADD41-BB8C-4A3C-BE8B-FD9A7C5D94F5}.Debug|x64.ActiveCfg = Debug|x64
		{363ADD41-BB8C-4A3C-BE8B-FD9A7C5D94F5}.Debug|x64.Build.0 = Debug|x64
		{363ADD41-BB8C-4A3C-BE8B-FD9A7C5D94F5}.Debug|x86.ActiveCfg = Debug|Win32
		{363ADD41-BB8C-4A3C-BE8B-FD9A7C5D94F5}.Debug|x86.Build.0 = Debug|Win32
		{363ADD41-BB8C-4A3C-BE8B-FD9A7C5D94F5}.Release|x64.ActiveCfg = Release|x64
		{363ADD41-BB8C-4A3C-BE8B-FD9A7C5D94F5}.Release|x64.Build.0 = Release|x64
		{363ADD41-BB8C-4A3C-BE8B-FD9A7C5D94F5}.Release|x86.ActiveCfg = Release|Win32
		{363ADD41-BB8C-4A3C-BE8B-FD9A7C5D94F5}.Release|x86.Build.0 = Release|Win32
	EndGlobalSection
	GlobalSection(SolutionProperties) = preSolution
		HideSolutionNode = FALSE
	EndGlobalSection
	GlobalSection(ExtensibilityGlobals) = postSolution
		SolutionGuid = {D2991BB9-76A2-40C3-A340-396200B98380}
	EndGlobalSection
EndGlobal
